
Microsoft Visual Studio Solution File, Format Version 12.00
# Visual Studio Version 17
VisualStudioVersion = 17.3.32922.545
MinimumVisualStudioVersion = 10.0.40219.1
Project("{FAE04EC0-301F-11D3-BF4B-00C04F79EFBC}") = "double_linked_list", "double_linked_list\double_linked_list.csproj", "{00E9D8EF-4ABB-47B7-86D6-D9C3E2CE882A}"
EndProject
Global
	GlobalSection(SolutionConfigurationPlatforms) = preSolution
		Debug|Any CPU = Debug|Any CPU
		Release|Any CPU = Release|Any CPU
	EndGlobalSection
	GlobalSection(ProjectConfigurationPlatforms) = postSolution
		{00E9D8EF-4ABB-47B7-86D6-D9C3E2CE882A}.Debug|Any CPU.ActiveCfg = Debug|Any CPU
		{00E9D8EF-4ABB-47B7-86D6-D9C3E2CE882A}.Debug|Any CPU.Build.0 = Debug|Any CPU
		{00E9D8EF-4ABB-47B7-86D6-D9C3E2CE882A}.Release|Any CPU.ActiveCfg = Release|Any CPU
		{00E9D8EF-4ABB-47B7-86D6-D9C3E2CE882A}.Release|Any CPU.Build.0 = Release|Any CPU
	EndGlobalSection
	GlobalSection(SolutionProperties) = preSolution
		HideSolutionNode = FALSE
	EndGlobalSection
	GlobalSection(ExtensibilityGlobals) = postSolution
		SolutionGuid = {E7279EEF-E807-4292-8806-5C824BCBA0BC}
	EndGlobalSection
EndGlobal
